<?xml version="1.0" encoding="utf-8"?>
<Project ToolsVersion="4.0" xmlns="http://schemas.microsoft.com/developer/msbuild/2003">
  <ItemGroup>
    <Filter Include="Fichiers sources">
      <UniqueIdentifier>{4FC737F1-C7A5-4376-A066-2A32D752A2FF}</UniqueIdentifier>
      <Extensions>cpp;c;cc;cxx;c++;cppm;ixx;def;odl;idl;hpj;bat;asm;asmx</Extensions>
    </Filter>
    <Filter Include="Fichiers d%27en-tête">
      <UniqueIdentifier>{93995380-89BD-4b04-88EB-625FBE52EBFB}</UniqueIdentifier>
      <Extensions>h;hh;hpp;hxx;h++;hm;inl;inc;ipp;xsd</Extensions>
    </Filter>
    <Filter Include="Fichiers de ressources">
      <UniqueIdentifier>{67DA6AB6-F800-4c08-8B7A-83BB121AAD01}</UniqueIdentifier>
      <Extensions>rc;ico;cur;bmp;dlg;rc2;rct;bin;rgs;gif;jpg;jpeg;jpe;resx;tiff;tif;png;wav;mfcribbon-ms</Extensions>
    </Filter>
    <Filter Include="Fichiers d%27en-tête\mumble_plugin">
      <UniqueIdentifier>{acb57910-ed58-4254-847a-c6507865ac25}</UniqueIdentifier>
    </Filter>
    <Filter Include="Fichiers de ressources\Image">
      <UniqueIdentifier>{7dd1af71-dd08-4015-912d-9dc356ee6f46}</UniqueIdentifier>
    </Filter>
    <Filter Include="Fichiers de ressources\Image\Advanced option">
      <UniqueIdentifier>{07c22bc2-00ab-4508-bead-9424da003191}</UniqueIdentifier>
    </Filter>
    <Filter Include="Fichiers de ressources\Image\PatchConfiguration">
      <UniqueIdentifier>{1b5d437b-a2db-4bc1-b6ee-b7c4f416f3d4}</UniqueIdentifier>
    </Filter>
    <Filter Include="Fichiers de ressources\Image\Voice Presets">
      <UniqueIdentifier>{7d152bf0-551a-498c-a934-a2e19c4bd07e}</UniqueIdentifier>
    </Filter>
    <Filter Include="Fichiers de ressources\Image\Save Voice Range">
      <UniqueIdentifier>{08aa4704-810b-4549-a569-24ce125604b5}</UniqueIdentifier>
    </Filter>
    <Filter Include="Fichiers de ressources\Image\Rename">
      <UniqueIdentifier>{54ebd192-cc80-4ead-b5d9-b621ff17c04c}</UniqueIdentifier>
    </Filter>
  </ItemGroup>
  <ItemGroup>
    <ClInclude Include="PluginComponents_v_1_0_x.h">
      <Filter>Fichiers d%27en-tête\mumble_plugin</Filter>
    </ClInclude>
    <ClInclude Include="MumblePlugin_v_1_0_x.h">
      <Filter>Fichiers d%27en-tête\mumble_plugin</Filter>
    </ClInclude>
    <ClInclude Include="MumbleAPI_v_1_0_x.h">
      <Filter>Fichiers d%27en-tête\mumble_plugin</Filter>
    </ClInclude>
    <ClInclude Include="HelloMumblePlugin.h">
      <Filter>Fichiers d%27en-tête\mumble_plugin</Filter>
    </ClInclude>
    <ClInclude Include="plugin.h">
      <Filter>Fichiers d%27en-tête</Filter>
    </ClInclude>
    <ClInclude Include="resource.h">
      <Filter>Fichiers d%27en-tête</Filter>
    </ClInclude>
  </ItemGroup>
  <ItemGroup>
    <ClCompile Include="plugin.c">
      <Filter>Fichiers sources</Filter>
    </ClCompile>
  </ItemGroup>
  <ItemGroup>
    <None Include="project.hint" />
  </ItemGroup>
  <ItemGroup>
    <Image Include="BACKGROUND2.bmp">
      <Filter>Fichiers de ressources</Filter>
    </Image>
    <Image Include="CHECKMARK.ico">
      <Filter>Fichiers de ressources</Filter>
    </Image>
    <Image Include="SIMPLEIMPUTBOX.bmp">
      <Filter>Fichiers de ressources</Filter>
    </Image>
    <Image Include="BACKGROUND.bmp">
      <Filter>Fichiers de ressources\Image\PatchConfiguration</Filter>
    </Image>
    <Image Include="Main_Button_01.bmp">
      <Filter>Fichiers de ressources\Image\PatchConfiguration</Filter>
    </Image>
    <Image Include="Path_Box.bmp">
      <Filter>Fichiers de ressources\Image\PatchConfiguration</Filter>
    </Image>
    <Image Include="Browse_Button.bmp">
      <Filter>Fichiers de ressources\Image\PatchConfiguration</Filter>
    </Image>
    <Image Include="Background_Plugin_Settings.bmp">
      <Filter>Fichiers de ressources\Image\Advanced option</Filter>
    </Image>
    <Image Include="Background_Voice_Presets.bmp">
      <Filter>Fichiers de ressources\Image\Voice Presets</Filter>
    </Image>
    <Image Include="Load_Box_01.bmp">
      <Filter>Fichiers de ressources\Image\Voice Presets</Filter>
    </Image>
    <Image Include="Rename_Box_01.bmp">
      <Filter>Fichiers de ressources\Image\Voice Presets</Filter>
    </Image>
    <Image Include="Background_Save_Voice_Range_Presets.bmp">
      <Filter>Fichiers de ressources\Image\Save Voice Range</Filter>
    </Image>
    <Image Include="Preset_Box_01.bmp">
      <Filter>Fichiers de ressources\Image\Save Voice Range</Filter>
    </Image>
    <Image Include="Background_Rename_Preset.bmp">
      <Filter>Fichiers de ressources\Image\Rename</Filter>
    </Image>
    <Image Include="OK_Box_01.bmp">
      <Filter>Fichiers de ressources\Image\Rename</Filter>
    </Image>
    <Image Include="Cancel_text_01.ico">
      <Filter>Fichiers de ressources\Image\Rename</Filter>
    </Image>
    <Image Include="Key_Box_01.bmp">
      <Filter>Fichiers de ressources\Image\Advanced option</Filter>
    </Image>
  </ItemGroup>
  <ItemGroup>
    <ResourceCompile Include="Resource.rc">
      <Filter>Fichiers de ressources</Filter>
    </ResourceCompile>
  </ItemGroup>
</Project>